// !$*UTF8*$!
{
	archiveVersion = 1;
	classes = {
	};
	objectVersion = 56;
	objects = {

/* Begin PBXBuildFile section */
		040C2FC029F40EDC00AC7248 /* MapView.swift in Sources */ = {isa = PBXBuildFile; fileRef = 040C2FBF29F40EDC00AC7248 /* MapView.swift */; };
		0437C60629F18508000BF46E /* TabButton.swift in Sources */ = {isa = PBXBuildFile; fileRef = 0437C60529F18508000BF46E /* TabButton.swift */; };
		0437C60829F18977000BF46E /* CustomCorners.swift in Sources */ = {isa = PBXBuildFile; fileRef = 0437C60729F18977000BF46E /* CustomCorners.swift */; };
		0437C60A29F19893000BF46E /* SideMenu.swift in Sources */ = {isa = PBXBuildFile; fileRef = 0437C60929F19893000BF46E /* SideMenu.swift */; };
		0437C60C29F19DC9000BF46E /* Home.swift in Sources */ = {isa = PBXBuildFile; fileRef = 0437C60B29F19DC8000BF46E /* Home.swift */; };
		0477DBF529EBE9FB001E566F /* dtrApp.swift in Sources */ = {isa = PBXBuildFile; fileRef = 0477DBF429EBE9FB001E566F /* dtrApp.swift */; };
		0477DBF729EBE9FB001E566F /* ContentView.swift in Sources */ = {isa = PBXBuildFile; fileRef = 0477DBF629EBE9FB001E566F /* ContentView.swift */; };
		0477DBF929EBE9FD001E566F /* Assets.xcassets in Resources */ = {isa = PBXBuildFile; fileRef = 0477DBF829EBE9FD001E566F /* Assets.xcassets */; };
		0477DBFC29EBE9FD001E566F /* Preview Assets.xcassets in Resources */ = {isa = PBXBuildFile; fileRef = 0477DBFB29EBE9FD001E566F /* Preview Assets.xcassets */; };
		0477DC0529EC0AAE001E566F /* HomeView.swift in Sources */ = {isa = PBXBuildFile; fileRef = 0477DC0429EC0AAE001E566F /* HomeView.swift */; };
		0491985229F6BCC4000A06A8 /* MKMapRep.swift in Sources */ = {isa = PBXBuildFile; fileRef = 0491985129F6BCC4000A06A8 /* MKMapRep.swift */; };
		0491985429F6BD54000A06A8 /* MapViewModels.swift in Sources */ = {isa = PBXBuildFile; fileRef = 0491985329F6BD54000A06A8 /* MapViewModels.swift */; };
		0491985829F6CC4D000A06A8 /* DragAnnotation.swift in Sources */ = {isa = PBXBuildFile; fileRef = 0491985729F6CC4D000A06A8 /* DragAnnotation.swift */; };
		04A2485C29F630EA00BFEB70 /* MapViewCirlcle.swift in Sources */ = {isa = PBXBuildFile; fileRef = 04A2485B29F630EA00BFEB70 /* MapViewCirlcle.swift */; };
		04EFAEDD29F3D97F003F44A4 /* AreaAssignment.swift in Sources */ = {isa = PBXBuildFile; fileRef = 04EFAEDC29F3D97E003F44A4 /* AreaAssignment.swift */; };
		BF01FAEC2B05EE2C009731C1 /* LoginView.swift in Sources */ = {isa = PBXBuildFile; fileRef = BF01FAEB2B05EE2C009731C1 /* LoginView.swift */; };
		BF01FAEE2B0603A7009731C1 /* LoginHelper.swift in Sources */ = {isa = PBXBuildFile; fileRef = BF01FAED2B0603A7009731C1 /* LoginHelper.swift */; };
		BF0A7C662B171E4C000F34B2 /* JsonData.swift in Sources */ = {isa = PBXBuildFile; fileRef = BF0A7C652B171E4C000F34B2 /* JsonData.swift */; };
		BF2AEEA82B01EBCE0010C50D /* CurrentUser.swift in Sources */ = {isa = PBXBuildFile; fileRef = BF2AEEA72B01EBCE0010C50D /* CurrentUser.swift */; };
		BF3D0C892B19817B005160EA /* Toast.swift in Sources */ = {isa = PBXBuildFile; fileRef = BF3D0C882B19817B005160EA /* Toast.swift */; };
		BF3D0C8B2B19819C005160EA /* ToastStyle.swift in Sources */ = {isa = PBXBuildFile; fileRef = BF3D0C8A2B19819C005160EA /* ToastStyle.swift */; };
		BF3D0C8D2B1981D3005160EA /* ToastView.swift in Sources */ = {isa = PBXBuildFile; fileRef = BF3D0C8C2B1981D3005160EA /* ToastView.swift */; };
		BF3D0C8F2B198204005160EA /* ToastModifier.swift in Sources */ = {isa = PBXBuildFile; fileRef = BF3D0C8E2B198204005160EA /* ToastModifier.swift */; };
		BF3D0C912B198941005160EA /* View_toastView.swift in Sources */ = {isa = PBXBuildFile; fileRef = BF3D0C902B198941005160EA /* View_toastView.swift */; };
		BF3D0CBC2B19D859005160EA /* CTOView.swift in Sources */ = {isa = PBXBuildFile; fileRef = BF3D0CBB2B19D859005160EA /* CTOView.swift */; };
		BF3D0CBE2B19D9B5005160EA /* Cto.swift in Sources */ = {isa = PBXBuildFile; fileRef = BF3D0CBD2B19D9B5005160EA /* Cto.swift */; };
		BF40B1052AFA06F0009D3943 /* ResetPasswordView.swift in Sources */ = {isa = PBXBuildFile; fileRef = BF40B1042AFA06F0009D3943 /* ResetPasswordView.swift */; };
		BF40B1082AFA4259009D3943 /* NetworkHelper.swift in Sources */ = {isa = PBXBuildFile; fileRef = BF40B1072AFA4259009D3943 /* NetworkHelper.swift */; };
		BF5B58072B10530D008CD00D /* OfficeOrder.swift in Sources */ = {isa = PBXBuildFile; fileRef = BF5B58062B10530D008CD00D /* OfficeOrder.swift */; };
		BFFBAF692B0F4685009680AA /* OfficeOrderView.swift in Sources */ = {isa = PBXBuildFile; fileRef = BFFBAF682B0F4685009680AA /* OfficeOrderView.swift */; };
/* End PBXBuildFile section */

/* Begin PBXFileReference section */
		040C2FBF29F40EDC00AC7248 /* MapView.swift */ = {isa = PBXFileReference; lastKnownFileType = sourcecode.swift; path = MapView.swift; sourceTree = "<group>"; };
		0437C60529F18508000BF46E /* TabButton.swift */ = {isa = PBXFileReference; lastKnownFileType = sourcecode.swift; path = TabButton.swift; sourceTree = "<group>"; };
		0437C60729F18977000BF46E /* CustomCorners.swift */ = {isa = PBXFileReference; lastKnownFileType = sourcecode.swift; path = CustomCorners.swift; sourceTree = "<group>"; };
		0437C60929F19893000BF46E /* SideMenu.swift */ = {isa = PBXFileReference; lastKnownFileType = sourcecode.swift; path = SideMenu.swift; sourceTree = "<group>"; };
		0437C60B29F19DC8000BF46E /* Home.swift */ = {isa = PBXFileReference; lastKnownFileType = sourcecode.swift; path = Home.swift; sourceTree = "<group>"; };
		0477DBF129EBE9FB001E566F /* dtr.app */ = {isa = PBXFileReference; explicitFileType = wrapper.application; includeInIndex = 0; path = dtr.app; sourceTree = BUILT_PRODUCTS_DIR; };
		0477DBF429EBE9FB001E566F /* dtrApp.swift */ = {isa = PBXFileReference; lastKnownFileType = sourcecode.swift; path = dtrApp.swift; sourceTree = "<group>"; };
		0477DBF629EBE9FB001E566F /* ContentView.swift */ = {isa = PBXFileReference; lastKnownFileType = sourcecode.swift; path = ContentView.swift; sourceTree = "<group>"; };
		0477DBF829EBE9FD001E566F /* Assets.xcassets */ = {isa = PBXFileReference; lastKnownFileType = folder.assetcatalog; path = Assets.xcassets; sourceTree = "<group>"; };
		0477DBFB29EBE9FD001E566F /* Preview Assets.xcassets */ = {isa = PBXFileReference; lastKnownFileType = folder.assetcatalog; path = "Preview Assets.xcassets"; sourceTree = "<group>"; };
		0477DC0429EC0AAE001E566F /* HomeView.swift */ = {isa = PBXFileReference; lastKnownFileType = sourcecode.swift; path = HomeView.swift; sourceTree = "<group>"; };
		0491985129F6BCC4000A06A8 /* MKMapRep.swift */ = {isa = PBXFileReference; lastKnownFileType = sourcecode.swift; path = MKMapRep.swift; sourceTree = "<group>"; };
		0491985329F6BD54000A06A8 /* MapViewModels.swift */ = {isa = PBXFileReference; lastKnownFileType = sourcecode.swift; path = MapViewModels.swift; sourceTree = "<group>"; };
		0491985729F6CC4D000A06A8 /* DragAnnotation.swift */ = {isa = PBXFileReference; lastKnownFileType = sourcecode.swift; path = DragAnnotation.swift; sourceTree = "<group>"; };
		04A2485B29F630EA00BFEB70 /* MapViewCirlcle.swift */ = {isa = PBXFileReference; lastKnownFileType = sourcecode.swift; path = MapViewCirlcle.swift; sourceTree = "<group>"; };
		04EFAEDC29F3D97E003F44A4 /* AreaAssignment.swift */ = {isa = PBXFileReference; lastKnownFileType = sourcecode.swift; path = AreaAssignment.swift; sourceTree = "<group>"; };
		04F4F7C52AEB98E40021BC1A /* Info.plist */ = {isa = PBXFileReference; fileEncoding = 4; lastKnownFileType = text.plist.xml; path = Info.plist; sourceTree = "<group>"; };
		BF01FAEB2B05EE2C009731C1 /* LoginView.swift */ = {isa = PBXFileReference; lastKnownFileType = sourcecode.swift; path = LoginView.swift; sourceTree = "<group>"; };
		BF01FAED2B0603A7009731C1 /* LoginHelper.swift */ = {isa = PBXFileReference; lastKnownFileType = sourcecode.swift; path = LoginHelper.swift; sourceTree = "<group>"; };
		BF0A7C652B171E4C000F34B2 /* JsonData.swift */ = {isa = PBXFileReference; lastKnownFileType = sourcecode.swift; path = JsonData.swift; sourceTree = "<group>"; };
		BF2AEEA72B01EBCE0010C50D /* CurrentUser.swift */ = {isa = PBXFileReference; lastKnownFileType = sourcecode.swift; path = CurrentUser.swift; sourceTree = "<group>"; };
		BF3D0C882B19817B005160EA /* Toast.swift */ = {isa = PBXFileReference; lastKnownFileType = sourcecode.swift; path = Toast.swift; sourceTree = "<group>"; };
		BF3D0C8A2B19819C005160EA /* ToastStyle.swift */ = {isa = PBXFileReference; lastKnownFileType = sourcecode.swift; path = ToastStyle.swift; sourceTree = "<group>"; };
		BF3D0C8C2B1981D3005160EA /* ToastView.swift */ = {isa = PBXFileReference; lastKnownFileType = sourcecode.swift; path = ToastView.swift; sourceTree = "<group>"; };
		BF3D0C8E2B198204005160EA /* ToastModifier.swift */ = {isa = PBXFileReference; lastKnownFileType = sourcecode.swift; path = ToastModifier.swift; sourceTree = "<group>"; };
		BF3D0C902B198941005160EA /* View_toastView.swift */ = {isa = PBXFileReference; lastKnownFileType = sourcecode.swift; path = View_toastView.swift; sourceTree = "<group>"; };
		BF3D0CBB2B19D859005160EA /* CTOView.swift */ = {isa = PBXFileReference; lastKnownFileType = sourcecode.swift; path = CTOView.swift; sourceTree = "<group>"; };
		BF3D0CBD2B19D9B5005160EA /* Cto.swift */ = {isa = PBXFileReference; lastKnownFileType = sourcecode.swift; path = Cto.swift; sourceTree = "<group>"; };
		BF40B1042AFA06F0009D3943 /* ResetPasswordView.swift */ = {isa = PBXFileReference; lastKnownFileType = sourcecode.swift; path = ResetPasswordView.swift; sourceTree = "<group>"; };
		BF40B1072AFA4259009D3943 /* NetworkHelper.swift */ = {isa = PBXFileReference; lastKnownFileType = sourcecode.swift; path = NetworkHelper.swift; sourceTree = "<group>"; };
		BF5B58062B10530D008CD00D /* OfficeOrder.swift */ = {isa = PBXFileReference; lastKnownFileType = sourcecode.swift; path = OfficeOrder.swift; sourceTree = "<group>"; };
		BFFBAF682B0F4685009680AA /* OfficeOrderView.swift */ = {isa = PBXFileReference; lastKnownFileType = sourcecode.swift; path = OfficeOrderView.swift; sourceTree = "<group>"; };
/* End PBXFileReference section */

/* Begin PBXFrameworksBuildPhase section */
		0477DBEE29EBE9FB001E566F /* Frameworks */ = {
			isa = PBXFrameworksBuildPhase;
			buildActionMask = 2147483647;
			files = (
			);
			runOnlyForDeploymentPostprocessing = 0;
		};
/* End PBXFrameworksBuildPhase section */

/* Begin PBXGroup section */
		0477DBE829EBE9FB001E566F = {
			isa = PBXGroup;
			children = (
				0477DBF329EBE9FB001E566F /* dtr */,
				0477DBF229EBE9FB001E566F /* Products */,
			);
			sourceTree = "<group>";
		};
		0477DBF229EBE9FB001E566F /* Products */ = {
			isa = PBXGroup;
			children = (
				0477DBF129EBE9FB001E566F /* dtr.app */,
			);
			name = Products;
			sourceTree = "<group>";
		};
		0477DBF329EBE9FB001E566F /* dtr */ = {
			isa = PBXGroup;
			children = (
				BF40B1022AF9D68F009D3943 /* awit */,
				04F4F7C52AEB98E40021BC1A /* Info.plist */,
				04A15FAC2A17ABE600F0F6A8 /* rusel */,
				04A2485D29F6329600BFEB70 /* MapKit */,
				0477DBF429EBE9FB001E566F /* dtrApp.swift */,
				0477DBF829EBE9FD001E566F /* Assets.xcassets */,
				0477DBFA29EBE9FD001E566F /* Preview Content */,
			);
			path = dtr;
			sourceTree = "<group>";
		};
		0477DBFA29EBE9FD001E566F /* Preview Content */ = {
			isa = PBXGroup;
			children = (
				0477DBFB29EBE9FD001E566F /* Preview Assets.xcassets */,
			);
			path = "Preview Content";
			sourceTree = "<group>";
		};
		04A15FAC2A17ABE600F0F6A8 /* rusel */ = {
			isa = PBXGroup;
			children = (
				040C2FBF29F40EDC00AC7248 /* MapView.swift */,
				0477DBF629EBE9FB001E566F /* ContentView.swift */,
				0477DC0429EC0AAE001E566F /* HomeView.swift */,
				0437C60529F18508000BF46E /* TabButton.swift */,
				0437C60B29F19DC8000BF46E /* Home.swift */,
				0437C60729F18977000BF46E /* CustomCorners.swift */,
				0437C60929F19893000BF46E /* SideMenu.swift */,
				04EFAEDC29F3D97E003F44A4 /* AreaAssignment.swift */,
				04A2485B29F630EA00BFEB70 /* MapViewCirlcle.swift */,
				BF01FAEB2B05EE2C009731C1 /* LoginView.swift */,
			);
			path = rusel;
			sourceTree = "<group>";
		};
		04A2485D29F6329600BFEB70 /* MapKit */ = {
			isa = PBXGroup;
			children = (
				0491985129F6BCC4000A06A8 /* MKMapRep.swift */,
				0491985329F6BD54000A06A8 /* MapViewModels.swift */,
				0491985729F6CC4D000A06A8 /* DragAnnotation.swift */,
			);
			path = MapKit;
			sourceTree = "<group>";
		};
		BF2AEEA62B01EBB30010C50D /* Models */ = {
			isa = PBXGroup;
			children = (
				BF2AEEA72B01EBCE0010C50D /* CurrentUser.swift */,
				BF5B58062B10530D008CD00D /* OfficeOrder.swift */,
				BF0A7C652B171E4C000F34B2 /* JsonData.swift */,
				BF3D0CBD2B19D9B5005160EA /* Cto.swift */,
			);
			path = Models;
			sourceTree = "<group>";
		};
		BF3D0C852B197FDE005160EA /* Toast */ = {
			isa = PBXGroup;
			children = (
				BF3D0C882B19817B005160EA /* Toast.swift */,
				BF3D0C8A2B19819C005160EA /* ToastStyle.swift */,
				BF3D0C8C2B1981D3005160EA /* ToastView.swift */,
				BF3D0C8E2B198204005160EA /* ToastModifier.swift */,
				BF3D0C902B198941005160EA /* View_toastView.swift */,
			);
			path = Toast;
			sourceTree = "<group>";
		};
		BF40B1022AF9D68F009D3943 /* awit */ = {
			isa = PBXGroup;
			children = (
				BF3D0C852B197FDE005160EA /* Toast */,
				BF2AEEA62B01EBB30010C50D /* Models */,
				BF40B1062AFA4147009D3943 /* Helpers */,
				BF40B1032AFA06D0009D3943 /* Views */,
			);
			path = awit;
			sourceTree = "<group>";
		};
		BF40B1032AFA06D0009D3943 /* Views */ = {
			isa = PBXGroup;
			children = (
				BF40B1042AFA06F0009D3943 /* ResetPasswordView.swift */,
				BFFBAF682B0F4685009680AA /* OfficeOrderView.swift */,
				BF3D0CBB2B19D859005160EA /* CTOView.swift */,
			);
			path = Views;
			sourceTree = "<group>";
		};
		BF40B1062AFA4147009D3943 /* Helpers */ = {
			isa = PBXGroup;
			children = (
				BF40B1072AFA4259009D3943 /* NetworkHelper.swift */,
				BF01FAED2B0603A7009731C1 /* LoginHelper.swift */,
			);
			path = Helpers;
			sourceTree = "<group>";
		};
/* End PBXGroup section */

/* Begin PBXNativeTarget section */
		0477DBF029EBE9FB001E566F /* dtr */ = {
			isa = PBXNativeTarget;
			buildConfigurationList = 0477DBFF29EBE9FD001E566F /* Build configuration list for PBXNativeTarget "dtr" */;
			buildPhases = (
				0477DBED29EBE9FB001E566F /* Sources */,
				0477DBEE29EBE9FB001E566F /* Frameworks */,
				0477DBEF29EBE9FB001E566F /* Resources */,
			);
			buildRules = (
			);
			dependencies = (
			);
			name = dtr;
			productName = dtr;
			productReference = 0477DBF129EBE9FB001E566F /* dtr.app */;
			productType = "com.apple.product-type.application";
		};
/* End PBXNativeTarget section */

/* Begin PBXProject section */
		0477DBE929EBE9FB001E566F /* Project object */ = {
			isa = PBXProject;
			attributes = {
				BuildIndependentTargetsInParallel = 1;
				LastSwiftUpdateCheck = 1430;
				LastUpgradeCheck = 1500;
				TargetAttributes = {
					0477DBF029EBE9FB001E566F = {
						CreatedOnToolsVersion = 14.3;
					};
				};
			};
			buildConfigurationList = 0477DBEC29EBE9FB001E566F /* Build configuration list for PBXProject "dtr" */;
			compatibilityVersion = "Xcode 14.0";
			developmentRegion = en;
			hasScannedForEncodings = 0;
			knownRegions = (
				en,
				Base,
			);
			mainGroup = 0477DBE829EBE9FB001E566F;
			productRefGroup = 0477DBF229EBE9FB001E566F /* Products */;
			projectDirPath = "";
			projectRoot = "";
			targets = (
				0477DBF029EBE9FB001E566F /* dtr */,
			);
		};
/* End PBXProject section */

/* Begin PBXResourcesBuildPhase section */
		0477DBEF29EBE9FB001E566F /* Resources */ = {
			isa = PBXResourcesBuildPhase;
			buildActionMask = 2147483647;
			files = (
				0477DBFC29EBE9FD001E566F /* Preview Assets.xcassets in Resources */,
				0477DBF929EBE9FD001E566F /* Assets.xcassets in Resources */,
			);
			runOnlyForDeploymentPostprocessing = 0;
		};
/* End PBXResourcesBuildPhase section */

/* Begin PBXSourcesBuildPhase section */
		0477DBED29EBE9FB001E566F /* Sources */ = {
			isa = PBXSourcesBuildPhase;
			buildActionMask = 2147483647;
			files = (
				0491985229F6BCC4000A06A8 /* MKMapRep.swift in Sources */,
				0477DC0529EC0AAE001E566F /* HomeView.swift in Sources */,
				04EFAEDD29F3D97F003F44A4 /* AreaAssignment.swift in Sources */,
				BFFBAF692B0F4685009680AA /* OfficeOrderView.swift in Sources */,
				BF40B1052AFA06F0009D3943 /* ResetPasswordView.swift in Sources */,
				0437C60629F18508000BF46E /* TabButton.swift in Sources */,
				BF3D0CBC2B19D859005160EA /* CTOView.swift in Sources */,
				0477DBF729EBE9FB001E566F /* ContentView.swift in Sources */,
				04A2485C29F630EA00BFEB70 /* MapViewCirlcle.swift in Sources */,
				BF3D0C8B2B19819C005160EA /* ToastStyle.swift in Sources */,
				BF40B1082AFA4259009D3943 /* NetworkHelper.swift in Sources */,
				0437C60A29F19893000BF46E /* SideMenu.swift in Sources */,
				0477DBF529EBE9FB001E566F /* dtrApp.swift in Sources */,
				BF01FAEC2B05EE2C009731C1 /* LoginView.swift in Sources */,
				BF3D0C912B198941005160EA /* View_toastView.swift in Sources */,
				0437C60829F18977000BF46E /* CustomCorners.swift in Sources */,
				0491985829F6CC4D000A06A8 /* DragAnnotation.swift in Sources */,
				040C2FC029F40EDC00AC7248 /* MapView.swift in Sources */,
				BF3D0C8D2B1981D3005160EA /* ToastView.swift in Sources */,
				BF0A7C662B171E4C000F34B2 /* JsonData.swift in Sources */,
				BF3D0C8F2B198204005160EA /* ToastModifier.swift in Sources */,
				0437C60C29F19DC9000BF46E /* Home.swift in Sources */,
				BF3D0CBE2B19D9B5005160EA /* Cto.swift in Sources */,
				BF5B58072B10530D008CD00D /* OfficeOrder.swift in Sources */,
				BF2AEEA82B01EBCE0010C50D /* CurrentUser.swift in Sources */,
				BF3D0C892B19817B005160EA /* Toast.swift in Sources */,
				0491985429F6BD54000A06A8 /* MapViewModels.swift in Sources */,
				BF01FAEE2B0603A7009731C1 /* LoginHelper.swift in Sources */,
			);
			runOnlyForDeploymentPostprocessing = 0;
		};
/* End PBXSourcesBuildPhase section */

/* Begin XCBuildConfiguration section */
		0477DBFD29EBE9FD001E566F /* Debug */ = {
			isa = XCBuildConfiguration;
			buildSettings = {
				ALWAYS_SEARCH_USER_PATHS = NO;
				CLANG_ANALYZER_NONNULL = YES;
				CLANG_ANALYZER_NUMBER_OBJECT_CONVERSION = YES_AGGRESSIVE;
				CLANG_CXX_LANGUAGE_STANDARD = "gnu++20";
				CLANG_ENABLE_MODULES = YES;
				CLANG_ENABLE_OBJC_ARC = YES;
				CLANG_ENABLE_OBJC_WEAK = YES;
				CLANG_WARN_BLOCK_CAPTURE_AUTORELEASING = YES;
				CLANG_WARN_BOOL_CONVERSION = YES;
				CLANG_WARN_COMMA = YES;
				CLANG_WARN_CONSTANT_CONVERSION = YES;
				CLANG_WARN_DEPRECATED_OBJC_IMPLEMENTATIONS = YES;
				CLANG_WARN_DIRECT_OBJC_ISA_USAGE = YES_ERROR;
				CLANG_WARN_DOCUMENTATION_COMMENTS = YES;
				CLANG_WARN_EMPTY_BODY = YES;
				CLANG_WARN_ENUM_CONVERSION = YES;
				CLANG_WARN_INFINITE_RECURSION = YES;
				CLANG_WARN_INT_CONVERSION = YES;
				CLANG_WARN_NON_LITERAL_NULL_CONVERSION = YES;
				CLANG_WARN_OBJC_IMPLICIT_RETAIN_SELF = YES;
				CLANG_WARN_OBJC_LITERAL_CONVERSION = YES;
				CLANG_WARN_OBJC_ROOT_CLASS = YES_ERROR;
				CLANG_WARN_QUOTED_INCLUDE_IN_FRAMEWORK_HEADER = YES;
				CLANG_WARN_RANGE_LOOP_ANALYSIS = YES;
				CLANG_WARN_STRICT_PROTOTYPES = YES;
				CLANG_WARN_SUSPICIOUS_MOVE = YES;
				CLANG_WARN_UNGUARDED_AVAILABILITY = YES_AGGRESSIVE;
				CLANG_WARN_UNREACHABLE_CODE = YES;
				CLANG_WARN__DUPLICATE_METHOD_MATCH = YES;
				COPY_PHASE_STRIP = NO;
				DEBUG_INFORMATION_FORMAT = dwarf;
				ENABLE_STRICT_OBJC_MSGSEND = YES;
				ENABLE_TESTABILITY = YES;
				ENABLE_USER_SCRIPT_SANDBOXING = YES;
				GCC_C_LANGUAGE_STANDARD = gnu11;
				GCC_DYNAMIC_NO_PIC = NO;
				GCC_NO_COMMON_BLOCKS = YES;
				GCC_OPTIMIZATION_LEVEL = 0;
				GCC_PREPROCESSOR_DEFINITIONS = (
					"DEBUG=1",
					"$(inherited)",
				);
				GCC_WARN_64_TO_32_BIT_CONVERSION = YES;
				GCC_WARN_ABOUT_RETURN_TYPE = YES_ERROR;
				GCC_WARN_UNDECLARED_SELECTOR = YES;
				GCC_WARN_UNINITIALIZED_AUTOS = YES_AGGRESSIVE;
				GCC_WARN_UNUSED_FUNCTION = YES;
				GCC_WARN_UNUSED_VARIABLE = YES;
				IPHONEOS_DEPLOYMENT_TARGET = 16.4;
				MTL_ENABLE_DEBUG_INFO = INCLUDE_SOURCE;
				MTL_FAST_MATH = YES;
				ONLY_ACTIVE_ARCH = YES;
				SDKROOT = iphoneos;
				SWIFT_ACTIVE_COMPILATION_CONDITIONS = DEBUG;
				SWIFT_OPTIMIZATION_LEVEL = "-Onone";
			};
			name = Debug;
		};
		0477DBFE29EBE9FD001E566F /* Release */ = {
			isa = XCBuildConfiguration;
			buildSettings = {
				ALWAYS_SEARCH_USER_PATHS = NO;
				CLANG_ANALYZER_NONNULL = YES;
				CLANG_ANALYZER_NUMBER_OBJECT_CONVERSION = YES_AGGRESSIVE;
				CLANG_CXX_LANGUAGE_STANDARD = "gnu++20";
				CLANG_ENABLE_MODULES = YES;
				CLANG_ENABLE_OBJC_ARC = YES;
				CLANG_ENABLE_OBJC_WEAK = YES;
				CLANG_WARN_BLOCK_CAPTURE_AUTORELEASING = YES;
				CLANG_WARN_BOOL_CONVERSION = YES;
				CLANG_WARN_COMMA = YES;
				CLANG_WARN_CONSTANT_CONVERSION = YES;
				CLANG_WARN_DEPRECATED_OBJC_IMPLEMENTATIONS = YES;
				CLANG_WARN_DIRECT_OBJC_ISA_USAGE = YES_ERROR;
				CLANG_WARN_DOCUMENTATION_COMMENTS = YES;
				CLANG_WARN_EMPTY_BODY = YES;
				CLANG_WARN_ENUM_CONVERSION = YES;
				CLANG_WARN_INFINITE_RECURSION = YES;
				CLANG_WARN_INT_CONVERSION = YES;
				CLANG_WARN_NON_LITERAL_NULL_CONVERSION = YES;
				CLANG_WARN_OBJC_IMPLICIT_RETAIN_SELF = YES;
				CLANG_WARN_OBJC_LITERAL_CONVERSION = YES;
				CLANG_WARN_OBJC_ROOT_CLASS = YES_ERROR;
				CLANG_WARN_QUOTED_INCLUDE_IN_FRAMEWORK_HEADER = YES;
				CLANG_WARN_RANGE_LOOP_ANALYSIS = YES;
				CLANG_WARN_STRICT_PROTOTYPES = YES;
				CLANG_WARN_SUSPICIOUS_MOVE = YES;
				CLANG_WARN_UNGUARDED_AVAILABILITY = YES_AGGRESSIVE;
				CLANG_WARN_UNREACHABLE_CODE = YES;
				CLANG_WARN__DUPLICATE_METHOD_MATCH = YES;
				COPY_PHASE_STRIP = NO;
				DEBUG_INFORMATION_FORMAT = "dwarf-with-dsym";
				ENABLE_NS_ASSERTIONS = NO;
				ENABLE_STRICT_OBJC_MSGSEND = YES;
				ENABLE_USER_SCRIPT_SANDBOXING = YES;
				GCC_C_LANGUAGE_STANDARD = gnu11;
				GCC_NO_COMMON_BLOCKS = YES;
				GCC_WARN_64_TO_32_BIT_CONVERSION = YES;
				GCC_WARN_ABOUT_RETURN_TYPE = YES_ERROR;
				GCC_WARN_UNDECLARED_SELECTOR = YES;
				GCC_WARN_UNINITIALIZED_AUTOS = YES_AGGRESSIVE;
				GCC_WARN_UNUSED_FUNCTION = YES;
				GCC_WARN_UNUSED_VARIABLE = YES;
				IPHONEOS_DEPLOYMENT_TARGET = 16.4;
				MTL_ENABLE_DEBUG_INFO = NO;
				MTL_FAST_MATH = YES;
				SDKROOT = iphoneos;
				SWIFT_COMPILATION_MODE = wholemodule;
				SWIFT_OPTIMIZATION_LEVEL = "-O";
				VALIDATE_PRODUCT = YES;
			};
			name = Release;
		};
		0477DC0029EBE9FD001E566F /* Debug */ = {
			isa = XCBuildConfiguration;
			buildSettings = {
				ASSETCATALOG_COMPILER_APPICON_NAME = AppIcon;
				ASSETCATALOG_COMPILER_GLOBAL_ACCENT_COLOR_NAME = AccentColor;
				CODE_SIGN_STYLE = Automatic;
				CURRENT_PROJECT_VERSION = 1;
				DEVELOPMENT_ASSET_PATHS = "\"dtr/Preview Content\"";
				ENABLE_PREVIEWS = YES;
				GENERATE_INFOPLIST_FILE = YES;
				INFOPLIST_FILE = dtr/Info.plist;
				INFOPLIST_KEY_NSLocationWhenInUseUsageDescription = "This app needs your location to show it on the map.";
				INFOPLIST_KEY_UIApplicationSceneManifest_Generation = YES;
				INFOPLIST_KEY_UIApplicationSupportsIndirectInputEvents = YES;
				INFOPLIST_KEY_UILaunchScreen_Generation = YES;
				INFOPLIST_KEY_UISupportedInterfaceOrientations_iPad = "UIInterfaceOrientationPortrait UIInterfaceOrientationPortraitUpsideDown UIInterfaceOrientationLandscapeLeft UIInterfaceOrientationLandscapeRight";
				INFOPLIST_KEY_UISupportedInterfaceOrientations_iPhone = "UIInterfaceOrientationPortrait UIInterfaceOrientationLandscapeLeft UIInterfaceOrientationLandscapeRight";
				IPHONEOS_DEPLOYMENT_TARGET = 17.0;
				LD_RUNPATH_SEARCH_PATHS = (
					"$(inherited)",
					"@executable_path/Frameworks",
				);
				MARKETING_VERSION = 1.0;
				PRODUCT_BUNDLE_IDENTIFIER = dtr.dtr;
				PRODUCT_NAME = "$(TARGET_NAME)";
				SWIFT_EMIT_LOC_STRINGS = YES;
				SWIFT_VERSION = 5.0;
				TARGETED_DEVICE_FAMILY = "1,2";
			};
			name = Debug;
		};
		0477DC0129EBE9FD001E566F /* Release */ = {
			isa = XCBuildConfiguration;
			buildSettings = {
				ASSETCATALOG_COMPILER_APPICON_NAME = AppIcon;
				ASSETCATALOG_COMPILER_GLOBAL_ACCENT_COLOR_NAME = AccentColor;
				CODE_SIGN_STYLE = Automatic;
				CURRENT_PROJECT_VERSION = 1;
				DEVELOPMENT_ASSET_PATHS = "\"dtr/Preview Content\"";
				ENABLE_PREVIEWS = YES;
				GENERATE_INFOPLIST_FILE = YES;
				INFOPLIST_FILE = dtr/Info.plist;
				INFOPLIST_KEY_NSLocationWhenInUseUsageDescription = "This app needs your location to show it on the map.";
				INFOPLIST_KEY_UIApplicationSceneManifest_Generation = YES;
				INFOPLIST_KEY_UIApplicationSupportsIndirectInputEvents = YES;
				INFOPLIST_KEY_UILaunchScreen_Generation = YES;
				INFOPLIST_KEY_UISupportedInterfaceOrientations_iPad = "UIInterfaceOrientationPortrait UIInterfaceOrientationPortraitUpsideDown UIInterfaceOrientationLandscapeLeft UIInterfaceOrientationLandscapeRight";
				INFOPLIST_KEY_UISupportedInterfaceOrientations_iPhone = "UIInterfaceOrientationPortrait UIInterfaceOrientationLandscapeLeft UIInterfaceOrientationLandscapeRight";
				IPHONEOS_DEPLOYMENT_TARGET = 17.0;
				LD_RUNPATH_SEARCH_PATHS = (
					"$(inherited)",
					"@executable_path/Frameworks",
				);
				MARKETING_VERSION = 1.0;
				PRODUCT_BUNDLE_IDENTIFIER = dtr.dtr;
				PRODUCT_NAME = "$(TARGET_NAME)";
				SWIFT_EMIT_LOC_STRINGS = YES;
				SWIFT_VERSION = 5.0;
				TARGETED_DEVICE_FAMILY = "1,2";
			};
			name = Release;
		};
/* End XCBuildConfiguration section */

/* Begin XCConfigurationList section */
		0477DBEC29EBE9FB001E566F /* Build configuration list for PBXProject "dtr" */ = {
			isa = XCConfigurationList;
			buildConfigurations = (
				0477DBFD29EBE9FD001E566F /* Debug */,
				0477DBFE29EBE9FD001E566F /* Release */,
			);
			defaultConfigurationIsVisible = 0;
			defaultConfigurationName = Release;
		};
		0477DBFF29EBE9FD001E566F /* Build configuration list for PBXNativeTarget "dtr" */ = {
			isa = XCConfigurationList;
			buildConfigurations = (
				0477DC0029EBE9FD001E566F /* Debug */,
				0477DC0129EBE9FD001E566F /* Release */,
			);
			defaultConfigurationIsVisible = 0;
			defaultConfigurationName = Release;
		};
/* End XCConfigurationList section */
	};
	rootObject = 0477DBE929EBE9FB001E566F /* Project object */;
}
